
Microsoft Visual Studio Solution File, Format Version 12.00
# Visual Studio Version 16
VisualStudioVersion = 16.0.33423.256
MinimumVisualStudioVersion = 10.0.40219.1
Project("{FAE04EC0-301F-11D3-BF4B-00C04F79EFBC}") = "infoterem", "infoterem\infoterem.csproj", "{15334AC6-B985-4D6D-8F5E-ECA9A07EA996}"
EndProject
Global
	GlobalSection(SolutionConfigurationPlatforms) = preSolution
		Debug|Any CPU = Debug|Any CPU
		Release|Any CPU = Release|Any CPU
	EndGlobalSection
	GlobalSection(ProjectConfigurationPlatforms) = postSolution
		{15334AC6-B985-4D6D-8F5E-ECA9A07EA996}.Debug|Any CPU.ActiveCfg = Debug|Any CPU
		{15334AC6-B985-4D6D-8F5E-ECA9A07EA996}.Debug|Any CPU.Build.0 = Debug|Any CPU
		{15334AC6-B985-4D6D-8F5E-ECA9A07EA996}.Release|Any CPU.ActiveCfg = Release|Any CPU
		{15334AC6-B985-4D6D-8F5E-ECA9A07EA996}.Release|Any CPU.Build.0 = Release|Any CPU
	EndGlobalSection
	GlobalSection(SolutionProperties) = preSolution
		HideSolutionNode = FALSE
	EndGlobalSection
	GlobalSection(ExtensibilityGlobals) = postSolution
		SolutionGuid = {A94C3640-0532-4970-8888-F4AE217E32D4}
	EndGlobalSection
EndGlobal
